
Microsoft Visual Studio Solution File, Format Version 12.00
# Visual Studio Version 16
VisualStudioVersion = 16.0.30907.101
MinimumVisualStudioVersion = 10.0.40219.1
Project("{FAE04EC0-301F-11D3-BF4B-00C04F79EFBC}") = "CompositeDemo", "CompositeDemo\CompositeDemo.csproj", "{24C9B088-5CD7-490C-9B3B-08A660F9BD65}"
EndProject
Global
	GlobalSection(SolutionConfigurationPlatforms) = preSolution
		Debug|Any CPU = Debug|Any CPU
		Release|Any CPU = Release|Any CPU
	EndGlobalSection
	GlobalSection(ProjectConfigurationPlatforms) = postSolution
		{24C9B088-5CD7-490C-9B3B-08A660F9BD65}.Debug|Any CPU.ActiveCfg = Debug|Any CPU
		{24C9B088-5CD7-490C-9B3B-08A660F9BD65}.Debug|Any CPU.Build.0 = Debug|Any CPU
		{24C9B088-5CD7-490C-9B3B-08A660F9BD65}.Release|Any CPU.ActiveCfg = Release|Any CPU
		{24C9B088-5CD7-490C-9B3B-08A660F9BD65}.Release|Any CPU.Build.0 = Release|Any CPU
	EndGlobalSection
	GlobalSection(SolutionProperties) = preSolution
		HideSolutionNode = FALSE
	EndGlobalSection
	GlobalSection(ExtensibilityGlobals) = postSolution
		SolutionGuid = {2D80485B-2777-4E5E-8F54-D067441BBCAF}
	EndGlobalSection
EndGlobal
